
Microsoft Visual Studio Solution File, Format Version 12.00
# Visual Studio Version 17
VisualStudioVersion = 17.11.35222.181
MinimumVisualStudioVersion = 10.0.40219.1
Project("{FAE04EC0-301F-11D3-BF4B-00C04F79EFBC}") = "12.3", "12.3\12.3.csproj", "{CC52EB97-6792-4A5C-87DC-D61A7554595C}"
EndProject
Global
	GlobalSection(SolutionConfigurationPlatforms) = preSolution
		Debug|Any CPU = Debug|Any CPU
		Release|Any CPU = Release|Any CPU
	EndGlobalSection
	GlobalSection(ProjectConfigurationPlatforms) = postSolution
		{CC52EB97-6792-4A5C-87DC-D61A7554595C}.Debug|Any CPU.ActiveCfg = Debug|Any CPU
		{CC52EB97-6792-4A5C-87DC-D61A7554595C}.Debug|Any CPU.Build.0 = Debug|Any CPU
		{CC52EB97-6792-4A5C-87DC-D61A7554595C}.Release|Any CPU.ActiveCfg = Release|Any CPU
		{CC52EB97-6792-4A5C-87DC-D61A7554595C}.Release|Any CPU.Build.0 = Release|Any CPU
	EndGlobalSection
	GlobalSection(SolutionProperties) = preSolution
		HideSolutionNode = FALSE
	EndGlobalSection
	GlobalSection(ExtensibilityGlobals) = postSolution
		SolutionGuid = {C936D05D-502D-4A72-9139-124D21ED4204}
	EndGlobalSection
EndGlobal
